
Microsoft Visual Studio Solution File, Format Version 12.00
# Visual Studio 14
VisualStudioVersion = 14.0.25420.1
MinimumVisualStudioVersion = 10.0.40219.1
Project("{FAE04EC0-301F-11D3-BF4B-00C04F79EFBC}") = "CP.CP04Expressions", "CP.CP04Expressions\CP.CP04Expressions.csproj", "{79F37ACE-56E2-4206-9193-E1F2589BF8D2}"
EndProject
Project("{FAE04EC0-301F-11D3-BF4B-00C04F79EFBC}") = "CP05.Sequance", "CP05.Sequance\CP05.Sequance.csproj", "{047791EB-81E0-434F-A66D-1C694E49FFD2}"
EndProject
Project("{FAE04EC0-301F-11D3-BF4B-00C04F79EFBC}") = "CP08.SelectionIf", "CP08.SelectionIf\CP08.SelectionIf.csproj", "{68D0ACDC-3586-4F54-93C6-81AF3F48FAB5}"
EndProject
Project("{FAE04EC0-301F-11D3-BF4B-00C04F79EFBC}") = "CP08.FreeCokeCan", "CP08.FreeCokeCan\CP08.FreeCokeCan.csproj", "{C9887117-755B-4C48-9BCD-18275AF8C525}"
EndProject
Project("{FAE04EC0-301F-11D3-BF4B-00C04F79EFBC}") = "CP.CP10Switch", "CP.CP10Switch\CP.CP10Switch.csproj", "{9D0C1959-DFDF-4B40-9901-532C96863E81}"
EndProject
Project("{FAE04EC0-301F-11D3-BF4B-00C04F79EFBC}") = "CP.CP11Rocket", "CP.CP11Rocket\CP.CP11Rocket.csproj", "{86E0B5C9-F9B7-4316-A685-E6407B34AEBE}"
EndProject
Project("{FAE04EC0-301F-11D3-BF4B-00C04F79EFBC}") = "CP.CP08IterationPreConditionalLoops", "CP.CP08IterationPreConditionalLoops\CP.CP08IterationPreConditionalLoops.csproj", "{8CE71923-ADFF-43C8-8106-C7F4E61D3423}"
EndProject
Project("{FAE04EC0-301F-11D3-BF4B-00C04F79EFBC}") = "CP.CP14IterationPostCondition", "CP.CP14IterationPostCondition\CP.CP14IterationPostCondition.csproj", "{A5580155-EE6F-4005-8B8C-A84C954BB324}"
EndProject
Project("{FAE04EC0-301F-11D3-BF4B-00C04F79EFBC}") = "CP.CP15OOP", "CP.CP15OOP\CP.CP15OOP.csproj", "{E8EC4792-D25B-4567-9FDF-7C48E179A8F0}"
EndProject
Project("{FAE04EC0-301F-11D3-BF4B-00C04F79EFBC}") = "CP.CP16IterationForAndForEach", "CP.CP16IterationForAndForEach\CP.CP16IterationForAndForEach.csproj", "{E6792C90-6DAB-499F-811E-AF5E90453AE1}"
EndProject
Project("{FAE04EC0-301F-11D3-BF4B-00C04F79EFBC}") = "CP.CP22MemoryCollections", "CP.CP22MemoryCollections\CP.CP22MemoryCollections.csproj", "{6DB7E83A-D213-4998-B05F-53E22A91584F}"
EndProject
Project("{FAE04EC0-301F-11D3-BF4B-00C04F79EFBC}") = "CP.CP24Collections", "CP.CP24Collections\CP.CP24Collections.csproj", "{F8252D67-B770-423B-8BA2-F2A5A1C3FFC3}"
EndProject
Global
	GlobalSection(SolutionConfigurationPlatforms) = preSolution
		Debug|Any CPU = Debug|Any CPU
		Release|Any CPU = Release|Any CPU
	EndGlobalSection
	GlobalSection(ProjectConfigurationPlatforms) = postSolution
		{79F37ACE-56E2-4206-9193-E1F2589BF8D2}.Debug|Any CPU.ActiveCfg = Debug|Any CPU
		{79F37ACE-56E2-4206-9193-E1F2589BF8D2}.Debug|Any CPU.Build.0 = Debug|Any CPU
		{79F37ACE-56E2-4206-9193-E1F2589BF8D2}.Release|Any CPU.ActiveCfg = Release|Any CPU
		{79F37ACE-56E2-4206-9193-E1F2589BF8D2}.Release|Any CPU.Build.0 = Release|Any CPU
		{047791EB-81E0-434F-A66D-1C694E49FFD2}.Debug|Any CPU.ActiveCfg = Debug|Any CPU
		{047791EB-81E0-434F-A66D-1C694E49FFD2}.Debug|Any CPU.Build.0 = Debug|Any CPU
		{047791EB-81E0-434F-A66D-1C694E49FFD2}.Release|Any CPU.ActiveCfg = Release|Any CPU
		{047791EB-81E0-434F-A66D-1C694E49FFD2}.Release|Any CPU.Build.0 = Release|Any CPU
		{68D0ACDC-3586-4F54-93C6-81AF3F48FAB5}.Debug|Any CPU.ActiveCfg = Debug|Any CPU
		{68D0ACDC-3586-4F54-93C6-81AF3F48FAB5}.Debug|Any CPU.Build.0 = Debug|Any CPU
		{68D0ACDC-3586-4F54-93C6-81AF3F48FAB5}.Release|Any CPU.ActiveCfg = Release|Any CPU
		{68D0ACDC-3586-4F54-93C6-81AF3F48FAB5}.Release|Any CPU.Build.0 = Release|Any CPU
		{C9887117-755B-4C48-9BCD-18275AF8C525}.Debug|Any CPU.ActiveCfg = Debug|Any CPU
		{C9887117-755B-4C48-9BCD-18275AF8C525}.Debug|Any CPU.Build.0 = Debug|Any CPU
		{C9887117-755B-4C48-9BCD-18275AF8C525}.Release|Any CPU.ActiveCfg = Release|Any CPU
		{C9887117-755B-4C48-9BCD-18275AF8C525}.Release|Any CPU.Build.0 = Release|Any CPU
		{9D0C1959-DFDF-4B40-9901-532C96863E81}.Debug|Any CPU.ActiveCfg = Debug|Any CPU
		{9D0C1959-DFDF-4B40-9901-532C96863E81}.Debug|Any CPU.Build.0 = Debug|Any CPU
		{9D0C1959-DFDF-4B40-9901-532C96863E81}.Release|Any CPU.ActiveCfg = Release|Any CPU
		{9D0C1959-DFDF-4B40-9901-532C96863E81}.Release|Any CPU.Build.0 = Release|Any CPU
		{86E0B5C9-F9B7-4316-A685-E6407B34AEBE}.Debug|Any CPU.ActiveCfg = Debug|Any CPU
		{86E0B5C9-F9B7-4316-A685-E6407B34AEBE}.Debug|Any CPU.Build.0 = Debug|Any CPU
		{86E0B5C9-F9B7-4316-A685-E6407B34AEBE}.Release|Any CPU.ActiveCfg = Release|Any CPU
		{86E0B5C9-F9B7-4316-A685-E6407B34AEBE}.Release|Any CPU.Build.0 = Release|Any CPU
		{8CE71923-ADFF-43C8-8106-C7F4E61D3423}.Debug|Any CPU.ActiveCfg = Debug|Any CPU
		{8CE71923-ADFF-43C8-8106-C7F4E61D3423}.Debug|Any CPU.Build.0 = Debug|Any CPU
		{8CE71923-ADFF-43C8-8106-C7F4E61D3423}.Release|Any CPU.ActiveCfg = Release|Any CPU
		{8CE71923-ADFF-43C8-8106-C7F4E61D3423}.Release|Any CPU.Build.0 = Release|Any CPU
		{A5580155-EE6F-4005-8B8C-A84C954BB324}.Debug|Any CPU.ActiveCfg = Debug|Any CPU
		{A5580155-EE6F-4005-8B8C-A84C954BB324}.Debug|Any CPU.Build.0 = Debug|Any CPU
		{A5580155-EE6F-4005-8B8C-A84C954BB324}.Release|Any CPU.ActiveCfg = Release|Any CPU
		{A5580155-EE6F-4005-8B8C-A84C954BB324}.Release|Any CPU.Build.0 = Release|Any CPU
		{E8EC4792-D25B-4567-9FDF-7C48E179A8F0}.Debug|Any CPU.ActiveCfg = Debug|Any CPU
		{E8EC4792-D25B-4567-9FDF-7C48E179A8F0}.Debug|Any CPU.Build.0 = Debug|Any CPU
		{E8EC4792-D25B-4567-9FDF-7C48E179A8F0}.Release|Any CPU.ActiveCfg = Release|Any CPU
		{E8EC4792-D25B-4567-9FDF-7C48E179A8F0}.Release|Any CPU.Build.0 = Release|Any CPU
		{E6792C90-6DAB-499F-811E-AF5E90453AE1}.Debug|Any CPU.ActiveCfg = Debug|Any CPU
		{E6792C90-6DAB-499F-811E-AF5E90453AE1}.Debug|Any CPU.Build.0 = Debug|Any CPU
		{E6792C90-6DAB-499F-811E-AF5E90453AE1}.Release|Any CPU.ActiveCfg = Release|Any CPU
		{E6792C90-6DAB-499F-811E-AF5E90453AE1}.Release|Any CPU.Build.0 = Release|Any CPU
		{6DB7E83A-D213-4998-B05F-53E22A91584F}.Debug|Any CPU.ActiveCfg = Debug|Any CPU
		{6DB7E83A-D213-4998-B05F-53E22A91584F}.Debug|Any CPU.Build.0 = Debug|Any CPU
		{6DB7E83A-D213-4998-B05F-53E22A91584F}.Release|Any CPU.ActiveCfg = Release|Any CPU
		{6DB7E83A-D213-4998-B05F-53E22A91584F}.Release|Any CPU.Build.0 = Release|Any CPU
		{F8252D67-B770-423B-8BA2-F2A5A1C3FFC3}.Debug|Any CPU.ActiveCfg = Debug|Any CPU
		{F8252D67-B770-423B-8BA2-F2A5A1C3FFC3}.Debug|Any CPU.Build.0 = Debug|Any CPU
		{F8252D67-B770-423B-8BA2-F2A5A1C3FFC3}.Release|Any CPU.ActiveCfg = Release|Any CPU
		{F8252D67-B770-423B-8BA2-F2A5A1C3FFC3}.Release|Any CPU.Build.0 = Release|Any CPU
	EndGlobalSection
	GlobalSection(SolutionProperties) = preSolution
		HideSolutionNode = FALSE
	EndGlobalSection
EndGlobal
